// !$*UTF8*$!
{
	archiveVersion = 1;
	classes = {
	};
	objectVersion = 48;
	objects = {

/* Begin PBXBuildFile section */
		259F8F227AD761C5C0CA5E75 /* libPods-WKImageEditor.a in Frameworks */ = {isa = PBXBuildFile; fileRef = 63D29342E4CB5DB0151FA427 /* libPods-WKImageEditor.a */; };
		50C9EC295284832715A7C321 /* libPods-WKImageEditorUITests.a in Frameworks */ = {isa = PBXBuildFile; fileRef = 8E66A75E5AF2F954550675D7 /* libPods-WKImageEditorUITests.a */; };
		54CDC1DB21E4034A0B0915CA /* libPods-WKImageEditorTests.a in Frameworks */ = {isa = PBXBuildFile; fileRef = 9EDF532F5D785B142E09B2C6 /* libPods-WKImageEditorTests.a */; };
		6713903020A967F90089099B /* Assets.xcassets in Resources */ = {isa = PBXBuildFile; fileRef = 6713902F20A967F80089099B /* Assets.xcassets */; };
		67240B0C209AF6F7006A3E98 /* WKImageEditorEditContainer.m in Sources */ = {isa = PBXBuildFile; fileRef = 67240AFF209AF6F7006A3E98 /* WKImageEditorEditContainer.m */; };
		67240B0D209AF6F7006A3E98 /* UIImage+Resize.m in Sources */ = {isa = PBXBuildFile; fileRef = 67240B02209AF6F7006A3E98 /* UIImage+Resize.m */; };
		67240B0E209AF6F7006A3E98 /* WKImageEditorDrawTool.m in Sources */ = {isa = PBXBuildFile; fileRef = 67240B04209AF6F7006A3E98 /* WKImageEditorDrawTool.m */; };
		67240B0F209AF6F7006A3E98 /* WKImageEditorInputTextViewContainer.m in Sources */ = {isa = PBXBuildFile; fileRef = 67240B06209AF6F7006A3E98 /* WKImageEditorInputTextViewContainer.m */; };
		67240B10209AF6F7006A3E98 /* WKImageEditorScrollView.m in Sources */ = {isa = PBXBuildFile; fileRef = 67240B09209AF6F7006A3E98 /* WKImageEditorScrollView.m */; };
		67240B11209AF6F7006A3E98 /* WKImageEditorTextView.m in Sources */ = {isa = PBXBuildFile; fileRef = 67240B0B209AF6F7006A3E98 /* WKImageEditorTextView.m */; };
		679CE12020A3F91A00154F21 /* WKImageEditorToolBar.m in Sources */ = {isa = PBXBuildFile; fileRef = 679CE11F20A3F91A00154F21 /* WKImageEditorToolBar.m */; };
		679CE12220A3F94D00154F21 /* WKImageEditorToolBar.xib in Resources */ = {isa = PBXBuildFile; fileRef = 679CE12120A3F94D00154F21 /* WKImageEditorToolBar.xib */; };
		679CE12520A4276000154F21 /* WKImageEditorToolBarButton.m in Sources */ = {isa = PBXBuildFile; fileRef = 679CE12420A4276000154F21 /* WKImageEditorToolBarButton.m */; };
		679CE12820A438DC00154F21 /* WKImageEditorChooseColorView.m in Sources */ = {isa = PBXBuildFile; fileRef = 679CE12720A438DC00154F21 /* WKImageEditorChooseColorView.m */; };
		679CE12D20A4461E00154F21 /* UIButton+WKBlock.m in Sources */ = {isa = PBXBuildFile; fileRef = 679CE12B20A4461D00154F21 /* UIButton+WKBlock.m */; };
		67D65C9E2073653900EF16DC /* AppDelegate.m in Sources */ = {isa = PBXBuildFile; fileRef = 67D65C9D2073653900EF16DC /* AppDelegate.m */; };
		67D65CA12073653900EF16DC /* ViewController.m in Sources */ = {isa = PBXBuildFile; fileRef = 67D65CA02073653900EF16DC /* ViewController.m */; };
		67D65CA42073653900EF16DC /* Main.storyboard in Resources */ = {isa = PBXBuildFile; fileRef = 67D65CA22073653900EF16DC /* Main.storyboard */; };
		67D65CA92073653900EF16DC /* LaunchScreen.storyboard in Resources */ = {isa = PBXBuildFile; fileRef = 67D65CA72073653900EF16DC /* LaunchScreen.storyboard */; };
		67D65CAC2073653900EF16DC /* main.m in Sources */ = {isa = PBXBuildFile; fileRef = 67D65CAB2073653900EF16DC /* main.m */; };
		67D65CB62073653900EF16DC /* WKImageEditorTests.m in Sources */ = {isa = PBXBuildFile; fileRef = 67D65CB52073653900EF16DC /* WKImageEditorTests.m */; };
		67D65CC12073653900EF16DC /* WKImageEditorUITests.m in Sources */ = {isa = PBXBuildFile; fileRef = 67D65CC02073653900EF16DC /* WKImageEditorUITests.m */; };
		67F9D5A120A583D2007FC2CB /* UIImage+WKColor.m in Sources */ = {isa = PBXBuildFile; fileRef = 67F9D5A020A583D2007FC2CB /* UIImage+WKColor.m */; };
		67F9D5A420A5863C007FC2CB /* WKImageEditorChooseTextSizeView.m in Sources */ = {isa = PBXBuildFile; fileRef = 67F9D5A320A5863C007FC2CB /* WKImageEditorChooseTextSizeView.m */; };
/* End PBXBuildFile section */

/* Begin PBXContainerItemProxy section */
		67D65CB22073653900EF16DC /* PBXContainerItemProxy */ = {
			isa = PBXContainerItemProxy;
			containerPortal = 67D65C912073653900EF16DC /* Project object */;
			proxyType = 1;
			remoteGlobalIDString = 67D65C982073653900EF16DC;
			remoteInfo = WKImageEditor;
		};
		67D65CBD2073653900EF16DC /* PBXContainerItemProxy */ = {
			isa = PBXContainerItemProxy;
			containerPortal = 67D65C912073653900EF16DC /* Project object */;
			proxyType = 1;
			remoteGlobalIDString = 67D65C982073653900EF16DC;
			remoteInfo = WKImageEditor;
		};
/* End PBXContainerItemProxy section */

/* Begin PBXFileReference section */
		383B86DDB31A6FBCDDC713DF /* Pods-WKImageEditorUITests.debug.xcconfig */ = {isa = PBXFileReference; includeInIndex = 1; lastKnownFileType = text.xcconfig; name = "Pods-WKImageEditorUITests.debug.xcconfig"; path = "Pods/Target Support Files/Pods-WKImageEditorUITests/Pods-WKImageEditorUITests.debug.xcconfig"; sourceTree = "<group>"; };
		472D7174D7E358811C8BB911 /* Pods-WKImageEditor.release.xcconfig */ = {isa = PBXFileReference; includeInIndex = 1; lastKnownFileType = text.xcconfig; name = "Pods-WKImageEditor.release.xcconfig"; path = "Pods/Target Support Files/Pods-WKImageEditor/Pods-WKImageEditor.release.xcconfig"; sourceTree = "<group>"; };
		5FD5D9B19E10EB87543983EC /* Pods-WKImageEditorTests.release.xcconfig */ = {isa = PBXFileReference; includeInIndex = 1; lastKnownFileType = text.xcconfig; name = "Pods-WKImageEditorTests.release.xcconfig"; path = "Pods/Target Support Files/Pods-WKImageEditorTests/Pods-WKImageEditorTests.release.xcconfig"; sourceTree = "<group>"; };
		63D29342E4CB5DB0151FA427 /* libPods-WKImageEditor.a */ = {isa = PBXFileReference; explicitFileType = archive.ar; includeInIndex = 0; path = "libPods-WKImageEditor.a"; sourceTree = BUILT_PRODUCTS_DIR; };
		6713902F20A967F80089099B /* Assets.xcassets */ = {isa = PBXFileReference; lastKnownFileType = folder.assetcatalog; name = Assets.xcassets; path = ../../WKImageEditor/Assets.xcassets; sourceTree = "<group>"; };
		67240AFD209AF6F7006A3E98 /* WKImageEditor.h */ = {isa = PBXFileReference; fileEncoding = 4; lastKnownFileType = sourcecode.c.h; path = WKImageEditor.h; sourceTree = "<group>"; };
		67240AFE209AF6F7006A3E98 /* WKImageEditorEditContainer.h */ = {isa = PBXFileReference; fileEncoding = 4; lastKnownFileType = sourcecode.c.h; path = WKImageEditorEditContainer.h; sourceTree = "<group>"; };
		67240AFF209AF6F7006A3E98 /* WKImageEditorEditContainer.m */ = {isa = PBXFileReference; fileEncoding = 4; lastKnownFileType = sourcecode.c.objc; path = WKImageEditorEditContainer.m; sourceTree = "<group>"; };
		67240B01209AF6F7006A3E98 /* UIImage+Resize.h */ = {isa = PBXFileReference; fileEncoding = 4; lastKnownFileType = sourcecode.c.h; path = "UIImage+Resize.h"; sourceTree = "<group>"; };
		67240B02209AF6F7006A3E98 /* UIImage+Resize.m */ = {isa = PBXFileReference; fileEncoding = 4; lastKnownFileType = sourcecode.c.objc; path = "UIImage+Resize.m"; sourceTree = "<group>"; };
		67240B03209AF6F7006A3E98 /* WKImageEditorDrawTool.h */ = {isa = PBXFileReference; fileEncoding = 4; lastKnownFileType = sourcecode.c.h; path = WKImageEditorDrawTool.h; sourceTree = "<group>"; };
		67240B04209AF6F7006A3E98 /* WKImageEditorDrawTool.m */ = {isa = PBXFileReference; fileEncoding = 4; lastKnownFileType = sourcecode.c.objc; path = WKImageEditorDrawTool.m; sourceTree = "<group>"; };
		67240B05209AF6F7006A3E98 /* WKImageEditorInputTextViewContainer.h */ = {isa = PBXFileReference; fileEncoding = 4; lastKnownFileType = sourcecode.c.h; path = WKImageEditorInputTextViewContainer.h; sourceTree = "<group>"; };
		67240B06209AF6F7006A3E98 /* WKImageEditorInputTextViewContainer.m */ = {isa = PBXFileReference; fileEncoding = 4; lastKnownFileType = sourcecode.c.objc; path = WKImageEditorInputTextViewContainer.m; sourceTree = "<group>"; };
		67240B07209AF6F7006A3E98 /* WKImageEditorProtocol.h */ = {isa = PBXFileReference; fileEncoding = 4; lastKnownFileType = sourcecode.c.h; path = WKImageEditorProtocol.h; sourceTree = "<group>"; };
		67240B08209AF6F7006A3E98 /* WKImageEditorScrollView.h */ = {isa = PBXFileReference; fileEncoding = 4; lastKnownFileType = sourcecode.c.h; path = WKImageEditorScrollView.h; sourceTree = "<group>"; };
		67240B09209AF6F7006A3E98 /* WKImageEditorScrollView.m */ = {isa = PBXFileReference; fileEncoding = 4; lastKnownFileType = sourcecode.c.objc; path = WKImageEditorScrollView.m; sourceTree = "<group>"; };
		67240B0A209AF6F7006A3E98 /* WKImageEditorTextView.h */ = {isa = PBXFileReference; fileEncoding = 4; lastKnownFileType = sourcecode.c.h; path = WKImageEditorTextView.h; sourceTree = "<group>"; };
		67240B0B209AF6F7006A3E98 /* WKImageEditorTextView.m */ = {isa = PBXFileReference; fileEncoding = 4; lastKnownFileType = sourcecode.c.objc; path = WKImageEditorTextView.m; sourceTree = "<group>"; };
		679CE11E20A3F91A00154F21 /* WKImageEditorToolBar.h */ = {isa = PBXFileReference; lastKnownFileType = sourcecode.c.h; path = WKImageEditorToolBar.h; sourceTree = "<group>"; };
		679CE11F20A3F91A00154F21 /* WKImageEditorToolBar.m */ = {isa = PBXFileReference; lastKnownFileType = sourcecode.c.objc; path = WKImageEditorToolBar.m; sourceTree = "<group>"; };
		679CE12120A3F94D00154F21 /* WKImageEditorToolBar.xib */ = {isa = PBXFileReference; lastKnownFileType = file.xib; path = WKImageEditorToolBar.xib; sourceTree = "<group>"; };
		679CE12320A4276000154F21 /* WKImageEditorToolBarButton.h */ = {isa = PBXFileReference; lastKnownFileType = sourcecode.c.h; path = WKImageEditorToolBarButton.h; sourceTree = "<group>"; };
		679CE12420A4276000154F21 /* WKImageEditorToolBarButton.m */ = {isa = PBXFileReference; lastKnownFileType = sourcecode.c.objc; path = WKImageEditorToolBarButton.m; sourceTree = "<group>"; };
		679CE12620A438DC00154F21 /* WKImageEditorChooseColorView.h */ = {isa = PBXFileReference; lastKnownFileType = sourcecode.c.h; path = WKImageEditorChooseColorView.h; sourceTree = "<group>"; };
		679CE12720A438DC00154F21 /* WKImageEditorChooseColorView.m */ = {isa = PBXFileReference; lastKnownFileType = sourcecode.c.objc; path = WKImageEditorChooseColorView.m; sourceTree = "<group>"; };
		679CE12B20A4461D00154F21 /* UIButton+WKBlock.m */ = {isa = PBXFileReference; fileEncoding = 4; lastKnownFileType = sourcecode.c.objc; path = "UIButton+WKBlock.m"; sourceTree = "<group>"; };
		679CE12C20A4461D00154F21 /* UIButton+WKBlock.h */ = {isa = PBXFileReference; fileEncoding = 4; lastKnownFileType = sourcecode.c.h; path = "UIButton+WKBlock.h"; sourceTree = "<group>"; };
		67D65C992073653900EF16DC /* WKImageEditor.app */ = {isa = PBXFileReference; explicitFileType = wrapper.application; includeInIndex = 0; path = WKImageEditor.app; sourceTree = BUILT_PRODUCTS_DIR; };
		67D65C9C2073653900EF16DC /* AppDelegate.h */ = {isa = PBXFileReference; lastKnownFileType = sourcecode.c.h; path = AppDelegate.h; sourceTree = "<group>"; };
		67D65C9D2073653900EF16DC /* AppDelegate.m */ = {isa = PBXFileReference; lastKnownFileType = sourcecode.c.objc; path = AppDelegate.m; sourceTree = "<group>"; };
		67D65C9F2073653900EF16DC /* ViewController.h */ = {isa = PBXFileReference; lastKnownFileType = sourcecode.c.h; path = ViewController.h; sourceTree = "<group>"; };
		67D65CA02073653900EF16DC /* ViewController.m */ = {isa = PBXFileReference; lastKnownFileType = sourcecode.c.objc; path = ViewController.m; sourceTree = "<group>"; };
		67D65CA32073653900EF16DC /* Base */ = {isa = PBXFileReference; lastKnownFileType = file.storyboard; name = Base; path = Base.lproj/Main.storyboard; sourceTree = "<group>"; };
		67D65CA82073653900EF16DC /* Base */ = {isa = PBXFileReference; lastKnownFileType = file.storyboard; name = Base; path = Base.lproj/LaunchScreen.storyboard; sourceTree = "<group>"; };
		67D65CAA2073653900EF16DC /* Info.plist */ = {isa = PBXFileReference; lastKnownFileType = text.plist.xml; path = Info.plist; sourceTree = "<group>"; };
		67D65CAB2073653900EF16DC /* main.m */ = {isa = PBXFileReference; lastKnownFileType = sourcecode.c.objc; path = main.m; sourceTree = "<group>"; };
		67D65CB12073653900EF16DC /* WKImageEditorTests.xctest */ = {isa = PBXFileReference; explicitFileType = wrapper.cfbundle; includeInIndex = 0; path = WKImageEditorTests.xctest; sourceTree = BUILT_PRODUCTS_DIR; };
		67D65CB52073653900EF16DC /* WKImageEditorTests.m */ = {isa = PBXFileReference; lastKnownFileType = sourcecode.c.objc; path = WKImageEditorTests.m; sourceTree = "<group>"; };
		67D65CB72073653900EF16DC /* Info.plist */ = {isa = PBXFileReference; lastKnownFileType = text.plist.xml; path = Info.plist; sourceTree = "<group>"; };
		67D65CBC2073653900EF16DC /* WKImageEditorUITests.xctest */ = {isa = PBXFileReference; explicitFileType = wrapper.cfbundle; includeInIndex = 0; path = WKImageEditorUITests.xctest; sourceTree = BUILT_PRODUCTS_DIR; };
		67D65CC02073653900EF16DC /* WKImageEditorUITests.m */ = {isa = PBXFileReference; lastKnownFileType = sourcecode.c.objc; path = WKImageEditorUITests.m; sourceTree = "<group>"; };
		67D65CC22073653900EF16DC /* Info.plist */ = {isa = PBXFileReference; lastKnownFileType = text.plist.xml; path = Info.plist; sourceTree = "<group>"; };
		67F321D07688AC4692CAAB52 /* Pods-WKImageEditorUITests.release.xcconfig */ = {isa = PBXFileReference; includeInIndex = 1; lastKnownFileType = text.xcconfig; name = "Pods-WKImageEditorUITests.release.xcconfig"; path = "Pods/Target Support Files/Pods-WKImageEditorUITests/Pods-WKImageEditorUITests.release.xcconfig"; sourceTree = "<group>"; };
		67F9D59F20A583D2007FC2CB /* UIImage+WKColor.h */ = {isa = PBXFileReference; lastKnownFileType = sourcecode.c.h; path = "UIImage+WKColor.h"; sourceTree = "<group>"; };
		67F9D5A020A583D2007FC2CB /* UIImage+WKColor.m */ = {isa = PBXFileReference; lastKnownFileType = sourcecode.c.objc; path = "UIImage+WKColor.m"; sourceTree = "<group>"; };
		67F9D5A220A5863C007FC2CB /* WKImageEditorChooseTextSizeView.h */ = {isa = PBXFileReference; lastKnownFileType = sourcecode.c.h; path = WKImageEditorChooseTextSizeView.h; sourceTree = "<group>"; };
		67F9D5A320A5863C007FC2CB /* WKImageEditorChooseTextSizeView.m */ = {isa = PBXFileReference; lastKnownFileType = sourcecode.c.objc; path = WKImageEditorChooseTextSizeView.m; sourceTree = "<group>"; };
		8CB6989AF861F1542789D8C5 /* Pods-WKImageEditor.debug.xcconfig */ = {isa = PBXFileReference; includeInIndex = 1; lastKnownFileType = text.xcconfig; name = "Pods-WKImageEditor.debug.xcconfig"; path = "Pods/Target Support Files/Pods-WKImageEditor/Pods-WKImageEditor.debug.xcconfig"; sourceTree = "<group>"; };
		8E66A75E5AF2F954550675D7 /* libPods-WKImageEditorUITests.a */ = {isa = PBXFileReference; explicitFileType = archive.ar; includeInIndex = 0; path = "libPods-WKImageEditorUITests.a"; sourceTree = BUILT_PRODUCTS_DIR; };
		9EDF532F5D785B142E09B2C6 /* libPods-WKImageEditorTests.a */ = {isa = PBXFileReference; explicitFileType = archive.ar; includeInIndex = 0; path = "libPods-WKImageEditorTests.a"; sourceTree = BUILT_PRODUCTS_DIR; };
		A0C2518FEFB08E4966D2017B /* Pods-WKImageEditorTests.debug.xcconfig */ = {isa = PBXFileReference; includeInIndex = 1; lastKnownFileType = text.xcconfig; name = "Pods-WKImageEditorTests.debug.xcconfig"; path = "Pods/Target Support Files/Pods-WKImageEditorTests/Pods-WKImageEditorTests.debug.xcconfig"; sourceTree = "<group>"; };
/* End PBXFileReference section */

/* Begin PBXFrameworksBuildPhase section */
		67D65C962073653900EF16DC /* Frameworks */ = {
			isa = PBXFrameworksBuildPhase;
			buildActionMask = 2147483647;
			files = (
				259F8F227AD761C5C0CA5E75 /* libPods-WKImageEditor.a in Frameworks */,
			);
			runOnlyForDeploymentPostprocessing = 0;
		};
		67D65CAE2073653900EF16DC /* Frameworks */ = {
			isa = PBXFrameworksBuildPhase;
			buildActionMask = 2147483647;
			files = (
				54CDC1DB21E4034A0B0915CA /* libPods-WKImageEditorTests.a in Frameworks */,
			);
			runOnlyForDeploymentPostprocessing = 0;
		};
		67D65CB92073653900EF16DC /* Frameworks */ = {
			isa = PBXFrameworksBuildPhase;
			buildActionMask = 2147483647;
			files = (
				50C9EC295284832715A7C321 /* libPods-WKImageEditorUITests.a in Frameworks */,
			);
			runOnlyForDeploymentPostprocessing = 0;
		};
/* End PBXFrameworksBuildPhase section */

/* Begin PBXGroup section */
		67240AFC209AF6F7006A3E98 /* WKImageEditor */ = {
			isa = PBXGroup;
			children = (
				67240AFD209AF6F7006A3E98 /* WKImageEditor.h */,
				67240AFE209AF6F7006A3E98 /* WKImageEditorEditContainer.h */,
				67240AFF209AF6F7006A3E98 /* WKImageEditorEditContainer.m */,
				67240B00209AF6F7006A3E98 /* WKImageEditorTools */,
			);
			name = WKImageEditor;
			path = ../../WKImageEditor;
			sourceTree = "<group>";
		};
		67240B00209AF6F7006A3E98 /* WKImageEditorTools */ = {
			isa = PBXGroup;
			children = (
				67F9D59F20A583D2007FC2CB /* UIImage+WKColor.h */,
				67F9D5A020A583D2007FC2CB /* UIImage+WKColor.m */,
				679CE12C20A4461D00154F21 /* UIButton+WKBlock.h */,
				679CE12B20A4461D00154F21 /* UIButton+WKBlock.m */,
				67240B01209AF6F7006A3E98 /* UIImage+Resize.h */,
				67240B02209AF6F7006A3E98 /* UIImage+Resize.m */,
				67240B03209AF6F7006A3E98 /* WKImageEditorDrawTool.h */,
				67240B04209AF6F7006A3E98 /* WKImageEditorDrawTool.m */,
				67240B05209AF6F7006A3E98 /* WKImageEditorInputTextViewContainer.h */,
				67240B06209AF6F7006A3E98 /* WKImageEditorInputTextViewContainer.m */,
				67240B07209AF6F7006A3E98 /* WKImageEditorProtocol.h */,
				67240B08209AF6F7006A3E98 /* WKImageEditorScrollView.h */,
				67240B09209AF6F7006A3E98 /* WKImageEditorScrollView.m */,
				67240B0A209AF6F7006A3E98 /* WKImageEditorTextView.h */,
				67240B0B209AF6F7006A3E98 /* WKImageEditorTextView.m */,
				679CE11E20A3F91A00154F21 /* WKImageEditorToolBar.h */,
				679CE11F20A3F91A00154F21 /* WKImageEditorToolBar.m */,
				679CE12120A3F94D00154F21 /* WKImageEditorToolBar.xib */,
				679CE12320A4276000154F21 /* WKImageEditorToolBarButton.h */,
				679CE12420A4276000154F21 /* WKImageEditorToolBarButton.m */,
				679CE12620A438DC00154F21 /* WKImageEditorChooseColorView.h */,
				679CE12720A438DC00154F21 /* WKImageEditorChooseColorView.m */,
				67F9D5A220A5863C007FC2CB /* WKImageEditorChooseTextSizeView.h */,
				67F9D5A320A5863C007FC2CB /* WKImageEditorChooseTextSizeView.m */,
			);
			path = WKImageEditorTools;
			sourceTree = "<group>";
		};
		67D65C902073653900EF16DC = {
			isa = PBXGroup;
			children = (
				67D65C9B2073653900EF16DC /* WKImageEditor */,
				67D65CB42073653900EF16DC /* WKImageEditorTests */,
				67D65CBF2073653900EF16DC /* WKImageEditorUITests */,
				67D65C9A2073653900EF16DC /* Products */,
				7EFF61A602F7948BF56B300C /* Pods */,
				C87013ACC0D869C83962F458 /* Frameworks */,
			);
			sourceTree = "<group>";
		};
		67D65C9A2073653900EF16DC /* Products */ = {
			isa = PBXGroup;
			children = (
				67D65C992073653900EF16DC /* WKImageEditor.app */,
				67D65CB12073653900EF16DC /* WKImageEditorTests.xctest */,
				67D65CBC2073653900EF16DC /* WKImageEditorUITests.xctest */,
			);
			name = Products;
			sourceTree = "<group>";
		};
		67D65C9B2073653900EF16DC /* WKImageEditor */ = {
			isa = PBXGroup;
			children = (
				6713902F20A967F80089099B /* Assets.xcassets */,
				67240AFC209AF6F7006A3E98 /* WKImageEditor */,
				67D65C9C2073653900EF16DC /* AppDelegate.h */,
				67D65C9D2073653900EF16DC /* AppDelegate.m */,
				67D65C9F2073653900EF16DC /* ViewController.h */,
				67D65CA02073653900EF16DC /* ViewController.m */,
				67D65CA22073653900EF16DC /* Main.storyboard */,
				67D65CA72073653900EF16DC /* LaunchScreen.storyboard */,
				67D65CAA2073653900EF16DC /* Info.plist */,
				67D65CAB2073653900EF16DC /* main.m */,
			);
			path = WKImageEditor;
			sourceTree = "<group>";
		};
		67D65CB42073653900EF16DC /* WKImageEditorTests */ = {
			isa = PBXGroup;
			children = (
				67D65CB52073653900EF16DC /* WKImageEditorTests.m */,
				67D65CB72073653900EF16DC /* Info.plist */,
			);
			path = WKImageEditorTests;
			sourceTree = "<group>";
		};
		67D65CBF2073653900EF16DC /* WKImageEditorUITests */ = {
			isa = PBXGroup;
			children = (
				67D65CC02073653900EF16DC /* WKImageEditorUITests.m */,
				67D65CC22073653900EF16DC /* Info.plist */,
			);
			path = WKImageEditorUITests;
			sourceTree = "<group>";
		};
		7EFF61A602F7948BF56B300C /* Pods */ = {
			isa = PBXGroup;
			children = (
				8CB6989AF861F1542789D8C5 /* Pods-WKImageEditor.debug.xcconfig */,
				472D7174D7E358811C8BB911 /* Pods-WKImageEditor.release.xcconfig */,
				A0C2518FEFB08E4966D2017B /* Pods-WKImageEditorTests.debug.xcconfig */,
				5FD5D9B19E10EB87543983EC /* Pods-WKImageEditorTests.release.xcconfig */,
				383B86DDB31A6FBCDDC713DF /* Pods-WKImageEditorUITests.debug.xcconfig */,
				67F321D07688AC4692CAAB52 /* Pods-WKImageEditorUITests.release.xcconfig */,
			);
			name = Pods;
			sourceTree = "<group>";
		};
		C87013ACC0D869C83962F458 /* Frameworks */ = {
			isa = PBXGroup;
			children = (
				63D29342E4CB5DB0151FA427 /* libPods-WKImageEditor.a */,
				9EDF532F5D785B142E09B2C6 /* libPods-WKImageEditorTests.a */,
				8E66A75E5AF2F954550675D7 /* libPods-WKImageEditorUITests.a */,
			);
			name = Frameworks;
			sourceTree = "<group>";
		};
/* End PBXGroup section */

/* Begin PBXNativeTarget section */
		67D65C982073653900EF16DC /* WKImageEditor */ = {
			isa = PBXNativeTarget;
			buildConfigurationList = 67D65CC52073653900EF16DC /* Build configuration list for PBXNativeTarget "WKImageEditor" */;
			buildPhases = (
				5150CC095D662B038A03DF41 /* [CP] Check Pods Manifest.lock */,
				67D65C952073653900EF16DC /* Sources */,
				67D65C962073653900EF16DC /* Frameworks */,
				67D65C972073653900EF16DC /* Resources */,
				E7D3C7210583C4A293846329 /* [CP] Embed Pods Frameworks */,
				4AC5F7D998DA80127EA723BB /* [CP] Copy Pods Resources */,
			);
			buildRules = (
			);
			dependencies = (
			);
			name = WKImageEditor;
			productName = WKImageEditor;
			productReference = 67D65C992073653900EF16DC /* WKImageEditor.app */;
			productType = "com.apple.product-type.application";
		};
		67D65CB02073653900EF16DC /* WKImageEditorTests */ = {
			isa = PBXNativeTarget;
			buildConfigurationList = 67D65CC82073653900EF16DC /* Build configuration list for PBXNativeTarget "WKImageEditorTests" */;
			buildPhases = (
				7D2F99E795100B10B14D3711 /* [CP] Check Pods Manifest.lock */,
				67D65CAD2073653900EF16DC /* Sources */,
				67D65CAE2073653900EF16DC /* Frameworks */,
				67D65CAF2073653900EF16DC /* Resources */,
				C4CA0DF6E69AF472D2AF17F9 /* [CP] Embed Pods Frameworks */,
				554A5131C5FFA5D441A97462 /* [CP] Copy Pods Resources */,
			);
			buildRules = (
			);
			dependencies = (
				67D65CB32073653900EF16DC /* PBXTargetDependency */,
			);
			name = WKImageEditorTests;
			productName = WKImageEditorTests;
			productReference = 67D65CB12073653900EF16DC /* WKImageEditorTests.xctest */;
			productType = "com.apple.product-type.bundle.unit-test";
		};
		67D65CBB2073653900EF16DC /* WKImageEditorUITests */ = {
			isa = PBXNativeTarget;
			buildConfigurationList = 67D65CCB2073653900EF16DC /* Build configuration list for PBXNativeTarget "WKImageEditorUITests" */;
			buildPhases = (
				EDE5663FD877331E1D6A6400 /* [CP] Check Pods Manifest.lock */,
				67D65CB82073653900EF16DC /* Sources */,
				67D65CB92073653900EF16DC /* Frameworks */,
				67D65CBA2073653900EF16DC /* Resources */,
				1C41CC5BDF52EA89E0BE9778 /* [CP] Embed Pods Frameworks */,
				0CF78566654F0F3E33E1EB9D /* [CP] Copy Pods Resources */,
			);
			buildRules = (
			);
			dependencies = (
				67D65CBE2073653900EF16DC /* PBXTargetDependency */,
			);
			name = WKImageEditorUITests;
			productName = WKImageEditorUITests;
			productReference = 67D65CBC2073653900EF16DC /* WKImageEditorUITests.xctest */;
			productType = "com.apple.product-type.bundle.ui-testing";
		};
/* End PBXNativeTarget section */

/* Begin PBXProject section */
		67D65C912073653900EF16DC /* Project object */ = {
			isa = PBXProject;
			attributes = {
				CLASSPREFIX = WKImageEditor;
				LastUpgradeCheck = 0920;
				ORGANIZATIONNAME = wukong.company;
				TargetAttributes = {
					67D65C982073653900EF16DC = {
						CreatedOnToolsVersion = 9.2;
						ProvisioningStyle = Automatic;
					};
					67D65CB02073653900EF16DC = {
						CreatedOnToolsVersion = 9.2;
						ProvisioningStyle = Automatic;
						TestTargetID = 67D65C982073653900EF16DC;
					};
					67D65CBB2073653900EF16DC = {
						CreatedOnToolsVersion = 9.2;
						ProvisioningStyle = Automatic;
						TestTargetID = 67D65C982073653900EF16DC;
					};
				};
			};
			buildConfigurationList = 67D65C942073653900EF16DC /* Build configuration list for PBXProject "WKImageEditor" */;
			compatibilityVersion = "Xcode 8.0";
			developmentRegion = en;
			hasScannedForEncodings = 0;
			knownRegions = (
				en,
				Base,
			);
			mainGroup = 67D65C902073653900EF16DC;
			productRefGroup = 67D65C9A2073653900EF16DC /* Products */;
			projectDirPath = "";
			projectRoot = "";
			targets = (
				67D65C982073653900EF16DC /* WKImageEditor */,
				67D65CB02073653900EF16DC /* WKImageEditorTests */,
				67D65CBB2073653900EF16DC /* WKImageEditorUITests */,
			);
		};
/* End PBXProject section */

/* Begin PBXResourcesBuildPhase section */
		67D65C972073653900EF16DC /* Resources */ = {
			isa = PBXResourcesBuildPhase;
			buildActionMask = 2147483647;
			files = (
				679CE12220A3F94D00154F21 /* WKImageEditorToolBar.xib in Resources */,
				67D65CA92073653900EF16DC /* LaunchScreen.storyboard in Resources */,
				6713903020A967F90089099B /* Assets.xcassets in Resources */,
				67D65CA42073653900EF16DC /* Main.storyboard in Resources */,
			);
			runOnlyForDeploymentPostprocessing = 0;
		};
		67D65CAF2073653900EF16DC /* Resources */ = {
			isa = PBXResourcesBuildPhase;
			buildActionMask = 2147483647;
			files = (
			);
			runOnlyForDeploymentPostprocessing = 0;
		};
		67D65CBA2073653900EF16DC /* Resources */ = {
			isa = PBXResourcesBuildPhase;
			buildActionMask = 2147483647;
			files = (
			);
			runOnlyForDeploymentPostprocessing = 0;
		};
/* End PBXResourcesBuildPhase section */

/* Begin PBXShellScriptBuildPhase section */
		0CF78566654F0F3E33E1EB9D /* [CP] Copy Pods Resources */ = {
			isa = PBXShellScriptBuildPhase;
			buildActionMask = 2147483647;
			files = (
			);
			inputPaths = (
			);
			name = "[CP] Copy Pods Resources";
			outputPaths = (
			);
			runOnlyForDeploymentPostprocessing = 0;
			shellPath = /bin/sh;
			shellScript = "\"${SRCROOT}/Pods/Target Support Files/Pods-WKImageEditorUITests/Pods-WKImageEditorUITests-resources.sh\"\n";
			showEnvVarsInLog = 0;
		};
		1C41CC5BDF52EA89E0BE9778 /* [CP] Embed Pods Frameworks */ = {
			isa = PBXShellScriptBuildPhase;
			buildActionMask = 2147483647;
			files = (
			);
			inputPaths = (
			);
			name = "[CP] Embed Pods Frameworks";
			outputPaths = (
			);
			runOnlyForDeploymentPostprocessing = 0;
			shellPath = /bin/sh;
			shellScript = "\"${SRCROOT}/Pods/Target Support Files/Pods-WKImageEditorUITests/Pods-WKImageEditorUITests-frameworks.sh\"\n";
			showEnvVarsInLog = 0;
		};
		4AC5F7D998DA80127EA723BB /* [CP] Copy Pods Resources */ = {
			isa = PBXShellScriptBuildPhase;
			buildActionMask = 2147483647;
			files = (
			);
			inputPaths = (
			);
			name = "[CP] Copy Pods Resources";
			outputPaths = (
			);
			runOnlyForDeploymentPostprocessing = 0;
			shellPath = /bin/sh;
			shellScript = "\"${SRCROOT}/Pods/Target Support Files/Pods-WKImageEditor/Pods-WKImageEditor-resources.sh\"\n";
			showEnvVarsInLog = 0;
		};
		5150CC095D662B038A03DF41 /* [CP] Check Pods Manifest.lock */ = {
			isa = PBXShellScriptBuildPhase;
			buildActionMask = 2147483647;
			files = (
			);
			inputPaths = (
				"${PODS_PODFILE_DIR_PATH}/Podfile.lock",
				"${PODS_ROOT}/Manifest.lock",
			);
			name = "[CP] Check Pods Manifest.lock";
			outputPaths = (
				"$(DERIVED_FILE_DIR)/Pods-WKImageEditor-checkManifestLockResult.txt",
			);
			runOnlyForDeploymentPostprocessing = 0;
			shellPath = /bin/sh;
			shellScript = "diff \"${PODS_PODFILE_DIR_PATH}/Podfile.lock\" \"${PODS_ROOT}/Manifest.lock\" > /dev/null\nif [ $? != 0 ] ; then\n    # print error to STDERR\n    echo \"error: The sandbox is not in sync with the Podfile.lock. Run 'pod install' or update your CocoaPods installation.\" >&2\n    exit 1\nfi\n";
			showEnvVarsInLog = 0;
		};
		554A5131C5FFA5D441A97462 /* [CP] Copy Pods Resources */ = {
			isa = PBXShellScriptBuildPhase;
			buildActionMask = 2147483647;
			files = (
			);
			inputPaths = (
			);
			name = "[CP] Copy Pods Resources";
			outputPaths = (
			);
			runOnlyForDeploymentPostprocessing = 0;
			shellPath = /bin/sh;
			shellScript = "\"${SRCROOT}/Pods/Target Support Files/Pods-WKImageEditorTests/Pods-WKImageEditorTests-resources.sh\"\n";
			showEnvVarsInLog = 0;
		};
		7D2F99E795100B10B14D3711 /* [CP] Check Pods Manifest.lock */ = {
			isa = PBXShellScriptBuildPhase;
			buildActionMask = 2147483647;
			files = (
			);
			inputPaths = (
				"${PODS_PODFILE_DIR_PATH}/Podfile.lock",
				"${PODS_ROOT}/Manifest.lock",
			);
			name = "[CP] Check Pods Manifest.lock";
			outputPaths = (
				"$(DERIVED_FILE_DIR)/Pods-WKImageEditorTests-checkManifestLockResult.txt",
			);
			runOnlyForDeploymentPostprocessing = 0;
			shellPath = /bin/sh;
			shellScript = "diff \"${PODS_PODFILE_DIR_PATH}/Podfile.lock\" \"${PODS_ROOT}/Manifest.lock\" > /dev/null\nif [ $? != 0 ] ; then\n    # print error to STDERR\n    echo \"error: The sandbox is not in sync with the Podfile.lock. Run 'pod install' or update your CocoaPods installation.\" >&2\n    exit 1\nfi\n";
			showEnvVarsInLog = 0;
		};
		C4CA0DF6E69AF472D2AF17F9 /* [CP] Embed Pods Frameworks */ = {
			isa = PBXShellScriptBuildPhase;
			buildActionMask = 2147483647;
			files = (
			);
			inputPaths = (
			);
			name = "[CP] Embed Pods Frameworks";
			outputPaths = (
			);
			runOnlyForDeploymentPostprocessing = 0;
			shellPath = /bin/sh;
			shellScript = "\"${SRCROOT}/Pods/Target Support Files/Pods-WKImageEditorTests/Pods-WKImageEditorTests-frameworks.sh\"\n";
			showEnvVarsInLog = 0;
		};
		E7D3C7210583C4A293846329 /* [CP] Embed Pods Frameworks */ = {
			isa = PBXShellScriptBuildPhase;
			buildActionMask = 2147483647;
			files = (
			);
			inputPaths = (
			);
			name = "[CP] Embed Pods Frameworks";
			outputPaths = (
			);
			runOnlyForDeploymentPostprocessing = 0;
			shellPath = /bin/sh;
			shellScript = "\"${SRCROOT}/Pods/Target Support Files/Pods-WKImageEditor/Pods-WKImageEditor-frameworks.sh\"\n";
			showEnvVarsInLog = 0;
		};
		EDE5663FD877331E1D6A6400 /* [CP] Check Pods Manifest.lock */ = {
			isa = PBXShellScriptBuildPhase;
			buildActionMask = 2147483647;
			files = (
			);
			inputPaths = (
				"${PODS_PODFILE_DIR_PATH}/Podfile.lock",
				"${PODS_ROOT}/Manifest.lock",
			);
			name = "[CP] Check Pods Manifest.lock";
			outputPaths = (
				"$(DERIVED_FILE_DIR)/Pods-WKImageEditorUITests-checkManifestLockResult.txt",
			);
			runOnlyForDeploymentPostprocessing = 0;
			shellPath = /bin/sh;
			shellScript = "diff \"${PODS_PODFILE_DIR_PATH}/Podfile.lock\" \"${PODS_ROOT}/Manifest.lock\" > /dev/null\nif [ $? != 0 ] ; then\n    # print error to STDERR\n    echo \"error: The sandbox is not in sync with the Podfile.lock. Run 'pod install' or update your CocoaPods installation.\" >&2\n    exit 1\nfi\n";
			showEnvVarsInLog = 0;
		};
/* End PBXShellScriptBuildPhase section */

/* Begin PBXSourcesBuildPhase section */
		67D65C952073653900EF16DC /* Sources */ = {
			isa = PBXSourcesBuildPhase;
			buildActionMask = 2147483647;
			files = (
				679CE12820A438DC00154F21 /* WKImageEditorChooseColorView.m in Sources */,
				67240B0C209AF6F7006A3E98 /* WKImageEditorEditContainer.m in Sources */,
				67F9D5A420A5863C007FC2CB /* WKImageEditorChooseTextSizeView.m in Sources */,
				67240B0F209AF6F7006A3E98 /* WKImageEditorInputTextViewContainer.m in Sources */,
				67240B10209AF6F7006A3E98 /* WKImageEditorScrollView.m in Sources */,
				67D65CA12073653900EF16DC /* ViewController.m in Sources */,
				67F9D5A120A583D2007FC2CB /* UIImage+WKColor.m in Sources */,
				679CE12520A4276000154F21 /* WKImageEditorToolBarButton.m in Sources */,
				679CE12D20A4461E00154F21 /* UIButton+WKBlock.m in Sources */,
				67D65CAC2073653900EF16DC /* main.m in Sources */,
				67D65C9E2073653900EF16DC /* AppDelegate.m in Sources */,
				679CE12020A3F91A00154F21 /* WKImageEditorToolBar.m in Sources */,
				67240B0E209AF6F7006A3E98 /* WKImageEditorDrawTool.m in Sources */,
				67240B0D209AF6F7006A3E98 /* UIImage+Resize.m in Sources */,
				67240B11209AF6F7006A3E98 /* WKImageEditorTextView.m in Sources */,
			);
			runOnlyForDeploymentPostprocessing = 0;
		};
		67D65CAD2073653900EF16DC /* Sources */ = {
			isa = PBXSourcesBuildPhase;
			buildActionMask = 2147483647;
			files = (
				67D65CB62073653900EF16DC /* WKImageEditorTests.m in Sources */,
			);
			runOnlyForDeploymentPostprocessing = 0;
		};
		67D65CB82073653900EF16DC /* Sources */ = {
			isa = PBXSourcesBuildPhase;
			buildActionMask = 2147483647;
			files = (
				67D65CC12073653900EF16DC /* WKImageEditorUITests.m in Sources */,
			);
			runOnlyForDeploymentPostprocessing = 0;
		};
/* End PBXSourcesBuildPhase section */

/* Begin PBXTargetDependency section */
		67D65CB32073653900EF16DC /* PBXTargetDependency */ = {
			isa = PBXTargetDependency;
			target = 67D65C982073653900EF16DC /* WKImageEditor */;
			targetProxy = 67D65CB22073653900EF16DC /* PBXContainerItemProxy */;
		};
		67D65CBE2073653900EF16DC /* PBXTargetDependency */ = {
			isa = PBXTargetDependency;
			target = 67D65C982073653900EF16DC /* WKImageEditor */;
			targetProxy = 67D65CBD2073653900EF16DC /* PBXContainerItemProxy */;
		};
/* End PBXTargetDependency section */

/* Begin PBXVariantGroup section */
		67D65CA22073653900EF16DC /* Main.storyboard */ = {
			isa = PBXVariantGroup;
			children = (
				67D65CA32073653900EF16DC /* Base */,
			);
			name = Main.storyboard;
			sourceTree = "<group>";
		};
		67D65CA72073653900EF16DC /* LaunchScreen.storyboard */ = {
			isa = PBXVariantGroup;
			children = (
				67D65CA82073653900EF16DC /* Base */,
			);
			name = LaunchScreen.storyboard;
			sourceTree = "<group>";
		};
/* End PBXVariantGroup section */

/* Begin XCBuildConfiguration section */
		67D65CC32073653900EF16DC /* Debug */ = {
			isa = XCBuildConfiguration;
			buildSettings = {
				ALWAYS_SEARCH_USER_PATHS = NO;
				CLANG_ANALYZER_NONNULL = YES;
				CLANG_ANALYZER_NUMBER_OBJECT_CONVERSION = YES_AGGRESSIVE;
				CLANG_CXX_LANGUAGE_STANDARD = "gnu++14";
				CLANG_CXX_LIBRARY = "libc++";
				CLANG_ENABLE_MODULES = YES;
				CLANG_ENABLE_OBJC_ARC = YES;
				CLANG_WARN_BLOCK_CAPTURE_AUTORELEASING = YES;
				CLANG_WARN_BOOL_CONVERSION = YES;
				CLANG_WARN_COMMA = YES;
				CLANG_WARN_CONSTANT_CONVERSION = YES;
				CLANG_WARN_DIRECT_OBJC_ISA_USAGE = YES_ERROR;
				CLANG_WARN_DOCUMENTATION_COMMENTS = YES;
				CLANG_WARN_EMPTY_BODY = YES;
				CLANG_WARN_ENUM_CONVERSION = YES;
				CLANG_WARN_INFINITE_RECURSION = YES;
				CLANG_WARN_INT_CONVERSION = YES;
				CLANG_WARN_NON_LITERAL_NULL_CONVERSION = YES;
				CLANG_WARN_OBJC_LITERAL_CONVERSION = YES;
				CLANG_WARN_OBJC_ROOT_CLASS = YES_ERROR;
				CLANG_WARN_RANGE_LOOP_ANALYSIS = YES;
				CLANG_WARN_STRICT_PROTOTYPES = YES;
				CLANG_WARN_SUSPICIOUS_MOVE = YES;
				CLANG_WARN_UNGUARDED_AVAILABILITY = YES_AGGRESSIVE;
				CLANG_WARN_UNREACHABLE_CODE = YES;
				CLANG_WARN__DUPLICATE_METHOD_MATCH = YES;
				CODE_SIGN_IDENTITY = "iPhone Developer";
				COPY_PHASE_STRIP = NO;
				DEBUG_INFORMATION_FORMAT = dwarf;
				ENABLE_STRICT_OBJC_MSGSEND = YES;
				ENABLE_TESTABILITY = YES;
				GCC_C_LANGUAGE_STANDARD = gnu11;
				GCC_DYNAMIC_NO_PIC = NO;
				GCC_NO_COMMON_BLOCKS = YES;
				GCC_OPTIMIZATION_LEVEL = 0;
				GCC_PREPROCESSOR_DEFINITIONS = (
					"DEBUG=1",
					"$(inherited)",
				);
				GCC_WARN_64_TO_32_BIT_CONVERSION = YES;
				GCC_WARN_ABOUT_RETURN_TYPE = YES_ERROR;
				GCC_WARN_UNDECLARED_SELECTOR = YES;
				GCC_WARN_UNINITIALIZED_AUTOS = YES_AGGRESSIVE;
				GCC_WARN_UNUSED_FUNCTION = YES;
				GCC_WARN_UNUSED_VARIABLE = YES;
				IPHONEOS_DEPLOYMENT_TARGET = 11.2;
				MTL_ENABLE_DEBUG_INFO = YES;
				ONLY_ACTIVE_ARCH = YES;
				SDKROOT = iphoneos;
			};
			name = Debug;
		};
		67D65CC42073653900EF16DC /* Release */ = {
			isa = XCBuildConfiguration;
			buildSettings = {
				ALWAYS_SEARCH_USER_PATHS = NO;
				CLANG_ANALYZER_NONNULL = YES;
				CLANG_ANALYZER_NUMBER_OBJECT_CONVERSION = YES_AGGRESSIVE;
				CLANG_CXX_LANGUAGE_STANDARD = "gnu++14";
				CLANG_CXX_LIBRARY = "libc++";
				CLANG_ENABLE_MODULES = YES;
				CLANG_ENABLE_OBJC_ARC = YES;
				CLANG_WARN_BLOCK_CAPTURE_AUTORELEASING = YES;
				CLANG_WARN_BOOL_CONVERSION = YES;
				CLANG_WARN_COMMA = YES;
				CLANG_WARN_CONSTANT_CONVERSION = YES;
				CLANG_WARN_DIRECT_OBJC_ISA_USAGE = YES_ERROR;
				CLANG_WARN_DOCUMENTATION_COMMENTS = YES;
				CLANG_WARN_EMPTY_BODY = YES;
				CLANG_WARN_ENUM_CONVERSION = YES;
				CLANG_WARN_INFINITE_RECURSION = YES;
				CLANG_WARN_INT_CONVERSION = YES;
				CLANG_WARN_NON_LITERAL_NULL_CONVERSION = YES;
				CLANG_WARN_OBJC_LITERAL_CONVERSION = YES;
				CLANG_WARN_OBJC_ROOT_CLASS = YES_ERROR;
				CLANG_WARN_RANGE_LOOP_ANALYSIS = YES;
				CLANG_WARN_STRICT_PROTOTYPES = YES;
				CLANG_WARN_SUSPICIOUS_MOVE = YES;
				CLANG_WARN_UNGUARDED_AVAILABILITY = YES_AGGRESSIVE;
				CLANG_WARN_UNREACHABLE_CODE = YES;
				CLANG_WARN__DUPLICATE_METHOD_MATCH = YES;
				CODE_SIGN_IDENTITY = "iPhone Developer";
				COPY_PHASE_STRIP = NO;
				DEBUG_INFORMATION_FORMAT = "dwarf-with-dsym";
				ENABLE_NS_ASSERTIONS = NO;
				ENABLE_STRICT_OBJC_MSGSEND = YES;
				GCC_C_LANGUAGE_STANDARD = gnu11;
				GCC_NO_COMMON_BLOCKS = YES;
				GCC_WARN_64_TO_32_BIT_CONVERSION = YES;
				GCC_WARN_ABOUT_RETURN_TYPE = YES_ERROR;
				GCC_WARN_UNDECLARED_SELECTOR = YES;
				GCC_WARN_UNINITIALIZED_AUTOS = YES_AGGRESSIVE;
				GCC_WARN_UNUSED_FUNCTION = YES;
				GCC_WARN_UNUSED_VARIABLE = YES;
				IPHONEOS_DEPLOYMENT_TARGET = 11.2;
				MTL_ENABLE_DEBUG_INFO = NO;
				SDKROOT = iphoneos;
				VALIDATE_PRODUCT = YES;
			};
			name = Release;
		};
		67D65CC62073653900EF16DC /* Debug */ = {
			isa = XCBuildConfiguration;
			baseConfigurationReference = 8CB6989AF861F1542789D8C5 /* Pods-WKImageEditor.debug.xcconfig */;
			buildSettings = {
				ASSETCATALOG_COMPILER_APPICON_NAME = AppIcon;
				CODE_SIGN_STYLE = Automatic;
				DEVELOPMENT_TEAM = B4JPFKWLRH;
				INFOPLIST_FILE = WKImageEditor/Info.plist;
				LD_RUNPATH_SEARCH_PATHS = "$(inherited) @executable_path/Frameworks";
				PRODUCT_BUNDLE_IDENTIFIER = "--.WKImageEditor";
				PRODUCT_NAME = "$(TARGET_NAME)";
				TARGETED_DEVICE_FAMILY = "1,2";
			};
			name = Debug;
		};
		67D65CC72073653900EF16DC /* Release */ = {
			isa = XCBuildConfiguration;
			baseConfigurationReference = 472D7174D7E358811C8BB911 /* Pods-WKImageEditor.release.xcconfig */;
			buildSettings = {
				ASSETCATALOG_COMPILER_APPICON_NAME = AppIcon;
				CODE_SIGN_STYLE = Automatic;
				DEVELOPMENT_TEAM = B4JPFKWLRH;
				INFOPLIST_FILE = WKImageEditor/Info.plist;
				LD_RUNPATH_SEARCH_PATHS = "$(inherited) @executable_path/Frameworks";
				PRODUCT_BUNDLE_IDENTIFIER = "--.WKImageEditor";
				PRODUCT_NAME = "$(TARGET_NAME)";
				TARGETED_DEVICE_FAMILY = "1,2";
			};
			name = Release;
		};
		67D65CC92073653900EF16DC /* Debug */ = {
			isa = XCBuildConfiguration;
			baseConfigurationReference = A0C2518FEFB08E4966D2017B /* Pods-WKImageEditorTests.debug.xcconfig */;
			buildSettings = {
				BUNDLE_LOADER = "$(TEST_HOST)";
				CODE_SIGN_STYLE = Automatic;
				INFOPLIST_FILE = WKImageEditorTests/Info.plist;
				LD_RUNPATH_SEARCH_PATHS = "$(inherited) @executable_path/Frameworks @loader_path/Frameworks";
				PRODUCT_BUNDLE_IDENTIFIER = "--.WKImageEditorTests";
				PRODUCT_NAME = "$(TARGET_NAME)";
				TARGETED_DEVICE_FAMILY = "1,2";
				TEST_HOST = "$(BUILT_PRODUCTS_DIR)/WKImageEditor.app/WKImageEditor";
			};
			name = Debug;
		};
		67D65CCA2073653900EF16DC /* Release */ = {
			isa = XCBuildConfiguration;
			baseConfigurationReference = 5FD5D9B19E10EB87543983EC /* Pods-WKImageEditorTests.release.xcconfig */;
			buildSettings = {
				BUNDLE_LOADER = "$(TEST_HOST)";
				CODE_SIGN_STYLE = Automatic;
				INFOPLIST_FILE = WKImageEditorTests/Info.plist;
				LD_RUNPATH_SEARCH_PATHS = "$(inherited) @executable_path/Frameworks @loader_path/Frameworks";
				PRODUCT_BUNDLE_IDENTIFIER = "--.WKImageEditorTests";
				PRODUCT_NAME = "$(TARGET_NAME)";
				TARGETED_DEVICE_FAMILY = "1,2";
				TEST_HOST = "$(BUILT_PRODUCTS_DIR)/WKImageEditor.app/WKImageEditor";
			};
			name = Release;
		};
		67D65CCC2073653900EF16DC /* Debug */ = {
			isa = XCBuildConfiguration;
			baseConfigurationReference = 383B86DDB31A6FBCDDC713DF /* Pods-WKImageEditorUITests.debug.xcconfig */;
			buildSettings = {
				CODE_SIGN_STYLE = Automatic;
				INFOPLIST_FILE = WKImageEditorUITests/Info.plist;
				LD_RUNPATH_SEARCH_PATHS = "$(inherited) @executable_path/Frameworks @loader_path/Frameworks";
				PRODUCT_BUNDLE_IDENTIFIER = "--.WKImageEditorUITests";
				PRODUCT_NAME = "$(TARGET_NAME)";
				TARGETED_DEVICE_FAMILY = "1,2";
				TEST_TARGET_NAME = WKImageEditor;
			};
			name = Debug;
		};
		67D65CCD2073653900EF16DC /* Release */ = {
			isa = XCBuildConfiguration;
			baseConfigurationReference = 67F321D07688AC4692CAAB52 /* Pods-WKImageEditorUITests.release.xcconfig */;
			buildSettings = {
				CODE_SIGN_STYLE = Automatic;
				INFOPLIST_FILE = WKImageEditorUITests/Info.plist;
				LD_RUNPATH_SEARCH_PATHS = "$(inherited) @executable_path/Frameworks @loader_path/Frameworks";
				PRODUCT_BUNDLE_IDENTIFIER = "--.WKImageEditorUITests";
				PRODUCT_NAME = "$(TARGET_NAME)";
				TARGETED_DEVICE_FAMILY = "1,2";
				TEST_TARGET_NAME = WKImageEditor;
			};
			name = Release;
		};
/* End XCBuildConfiguration section */

/* Begin XCConfigurationList section */
		67D65C942073653900EF16DC /* Build configuration list for PBXProject "WKImageEditor" */ = {
			isa = XCConfigurationList;
			buildConfigurations = (
				67D65CC32073653900EF16DC /* Debug */,
				67D65CC42073653900EF16DC /* Release */,
			);
			defaultConfigurationIsVisible = 0;
			defaultConfigurationName = Release;
		};
		67D65CC52073653900EF16DC /* Build configuration list for PBXNativeTarget "WKImageEditor" */ = {
			isa = XCConfigurationList;
			buildConfigurations = (
				67D65CC62073653900EF16DC /* Debug */,
				67D65CC72073653900EF16DC /* Release */,
			);
			defaultConfigurationIsVisible = 0;
			defaultConfigurationName = Release;
		};
		67D65CC82073653900EF16DC /* Build configuration list for PBXNativeTarget "WKImageEditorTests" */ = {
			isa = XCConfigurationList;
			buildConfigurations = (
				67D65CC92073653900EF16DC /* Debug */,
				67D65CCA2073653900EF16DC /* Release */,
			);
			defaultConfigurationIsVisible = 0;
			defaultConfigurationName = Release;
		};
		67D65CCB2073653900EF16DC /* Build configuration list for PBXNativeTarget "WKImageEditorUITests" */ = {
			isa = XCConfigurationList;
			buildConfigurations = (
				67D65CCC2073653900EF16DC /* Debug */,
				67D65CCD2073653900EF16DC /* Release */,
			);
			defaultConfigurationIsVisible = 0;
			defaultConfigurationName = Release;
		};
/* End XCConfigurationList section */
	};
	rootObject = 67D65C912073653900EF16DC /* Project object */;
}
